{
  "name": "aws-lambda-reponse-handler",
  "version": "1.0.0",
  "lockfileVersion": 1,
  "requires": true,
  "dependencies": {
    "awslambdaproxyresponse": {
      "version": "1.1.3",
      "resolved": "https://registry.npmjs.org/awslambdaproxyresponse/-/awslambdaproxyresponse-1.1.3.tgz",
      "integrity": "sha512-v1f3EAMywVpYM+0AQmZ2MOzeor+JynOWr0rBNYRE3AT2ZWHcYZoNWEThvjnFTDwIow9JrX3edzyiGje68JTOvQ=="
    }
  }
}
